
Microsoft Visual Studio Solution File, Format Version 12.00
Project("{FAE04EC0-301F-11D3-BF4B-00C04F79EFBC}") = "FindTheOddInt", "FindTheOddInt\FindTheOddInt.csproj", "{E564DFA2-6045-4791-A232-52E33C968259}"
EndProject
Project("{FAE04EC0-301F-11D3-BF4B-00C04F79EFBC}") = "Tests", "Tests\Tests.csproj", "{BF7A413F-784A-4FB6-B664-DD623656A56E}"
EndProject
Project("{FAE04EC0-301F-11D3-BF4B-00C04F79EFBC}") = "SpinWords", "SpinWords\SpinWords.csproj", "{185F03F3-5631-468F-B07E-FD9B7E2EEA42}"
EndProject
Project("{FAE04EC0-301F-11D3-BF4B-00C04F79EFBC}") = "DisemvowelTrolls", "DisemvowelTrolls\DisemvowelTrolls.csproj", "{12B63016-19BC-4F51-80F6-568D29BEFCC9}"
EndProject
Project("{FAE04EC0-301F-11D3-BF4B-00C04F79EFBC}") = "MultiplesOf3or5", "MultiplesOf3or5\MultiplesOf3or5.csproj", "{5BEADAF8-4B2E-42E9-8AAB-7C9A3A30B82F}"
EndProject
Global
	GlobalSection(SolutionConfigurationPlatforms) = preSolution
		Debug|Any CPU = Debug|Any CPU
		Release|Any CPU = Release|Any CPU
	EndGlobalSection
	GlobalSection(ProjectConfigurationPlatforms) = postSolution
		{E564DFA2-6045-4791-A232-52E33C968259}.Debug|Any CPU.ActiveCfg = Debug|Any CPU
		{E564DFA2-6045-4791-A232-52E33C968259}.Debug|Any CPU.Build.0 = Debug|Any CPU
		{E564DFA2-6045-4791-A232-52E33C968259}.Release|Any CPU.ActiveCfg = Release|Any CPU
		{E564DFA2-6045-4791-A232-52E33C968259}.Release|Any CPU.Build.0 = Release|Any CPU
		{BF7A413F-784A-4FB6-B664-DD623656A56E}.Debug|Any CPU.ActiveCfg = Debug|Any CPU
		{BF7A413F-784A-4FB6-B664-DD623656A56E}.Debug|Any CPU.Build.0 = Debug|Any CPU
		{BF7A413F-784A-4FB6-B664-DD623656A56E}.Release|Any CPU.ActiveCfg = Release|Any CPU
		{BF7A413F-784A-4FB6-B664-DD623656A56E}.Release|Any CPU.Build.0 = Release|Any CPU
		{185F03F3-5631-468F-B07E-FD9B7E2EEA42}.Debug|Any CPU.ActiveCfg = Debug|Any CPU
		{185F03F3-5631-468F-B07E-FD9B7E2EEA42}.Debug|Any CPU.Build.0 = Debug|Any CPU
		{185F03F3-5631-468F-B07E-FD9B7E2EEA42}.Release|Any CPU.ActiveCfg = Release|Any CPU
		{185F03F3-5631-468F-B07E-FD9B7E2EEA42}.Release|Any CPU.Build.0 = Release|Any CPU
		{12B63016-19BC-4F51-80F6-568D29BEFCC9}.Debug|Any CPU.ActiveCfg = Debug|Any CPU
		{12B63016-19BC-4F51-80F6-568D29BEFCC9}.Debug|Any CPU.Build.0 = Debug|Any CPU
		{12B63016-19BC-4F51-80F6-568D29BEFCC9}.Release|Any CPU.ActiveCfg = Release|Any CPU
		{12B63016-19BC-4F51-80F6-568D29BEFCC9}.Release|Any CPU.Build.0 = Release|Any CPU
		{5BEADAF8-4B2E-42E9-8AAB-7C9A3A30B82F}.Debug|Any CPU.ActiveCfg = Debug|Any CPU
		{5BEADAF8-4B2E-42E9-8AAB-7C9A3A30B82F}.Debug|Any CPU.Build.0 = Debug|Any CPU
		{5BEADAF8-4B2E-42E9-8AAB-7C9A3A30B82F}.Release|Any CPU.ActiveCfg = Release|Any CPU
		{5BEADAF8-4B2E-42E9-8AAB-7C9A3A30B82F}.Release|Any CPU.Build.0 = Release|Any CPU
	EndGlobalSection
EndGlobal
